Microsoft Visual Studio Solution File, Format Version 12.00
# Visual Studio 15
VisualStudioVersion = 15.0.27428.2043
MinimumVisualStudioVersion = 10.0.40219.1
Project("{FAE04EC0-301F-11D3-BF4B-00C04F79EFBC}") = "Sitecore.Support.96740.127177.155383", "Sitecore.Support.127177.155383\Sitecore.Support.96740.127177.155383.csproj", "{D6B5D097-431A-41AF-AF48-D16E12E158D3}"
EndProject
Global
	GlobalSection(SolutionConfigurationPlatforms) = preSolution
		Debug|Any CPU = Debug|Any CPU
		Release|Any CPU = Release|Any CPU
	EndGlobalSection
	GlobalSection(ProjectConfigurationPlatforms) = postSolution
		{D6B5D097-431A-41AF-AF48-D16E12E158D3}.Debug|Any CPU.ActiveCfg = Debug|Any CPU
		{D6B5D097-431A-41AF-AF48-D16E12E158D3}.Debug|Any CPU.Build.0 = Debug|Any CPU
		{D6B5D097-431A-41AF-AF48-D16E12E158D3}.Release|Any CPU.ActiveCfg = Release|Any CPU
		{D6B5D097-431A-41AF-AF48-D16E12E158D3}.Release|Any CPU.Build.0 = Release|Any CPU
	EndGlobalSection
	GlobalSection(SolutionProperties) = preSolution
		HideSolutionNode = FALSE
	EndGlobalSection
	GlobalSection(ExtensibilityGlobals) = postSolution
		SolutionGuid = {81338433-06C8-4EF2-B3EF-15B4606D1A2F}
	EndGlobalSection
EndGlobal
